
Microsoft Visual Studio Solution File, Format Version 12.00
# Visual Studio Version 17
VisualStudioVersion = 17.7.34221.43
MinimumVisualStudioVersion = 10.0.40219.1
Project("{FAE04EC0-301F-11D3-BF4B-00C04F79EFBC}") = "Day15Assignment", "Day15Assignment\Day15Assignment.csproj", "{8D461A64-61E8-4CCD-8FE5-4400D1023EB2}"
EndProject
Global
	GlobalSection(SolutionConfigurationPlatforms) = preSolution
		Debug|Any CPU = Debug|Any CPU
		Release|Any CPU = Release|Any CPU
	EndGlobalSection
	GlobalSection(ProjectConfigurationPlatforms) = postSolution
		{8D461A64-61E8-4CCD-8FE5-4400D1023EB2}.Debug|Any CPU.ActiveCfg = Debug|Any CPU
		{8D461A64-61E8-4CCD-8FE5-4400D1023EB2}.Debug|Any CPU.Build.0 = Debug|Any CPU
		{8D461A64-61E8-4CCD-8FE5-4400D1023EB2}.Release|Any CPU.ActiveCfg = Release|Any CPU
		{8D461A64-61E8-4CCD-8FE5-4400D1023EB2}.Release|Any CPU.Build.0 = Release|Any CPU
	EndGlobalSection
	GlobalSection(SolutionProperties) = preSolution
		HideSolutionNode = FALSE
	EndGlobalSection
	GlobalSection(ExtensibilityGlobals) = postSolution
		SolutionGuid = {1BCD2883-B733-4E57-AB88-6A7939A8A4E4}
	EndGlobalSection
EndGlobal
